
Microsoft Visual Studio Solution File, Format Version 12.00
# Visual Studio Version 17
VisualStudioVersion = 17.0.32014.148
MinimumVisualStudioVersion = 10.0.40219.1
Project("{FAE04EC0-301F-11D3-BF4B-00C04F79EFBC}") = "Banco", "Banco\Banco.csproj", "{66427263-84E9-490D-9239-514912B42D75}"
EndProject
Global
	GlobalSection(SolutionConfigurationPlatforms) = preSolution
		Debug|Any CPU = Debug|Any CPU
		Release|Any CPU = Release|Any CPU
	EndGlobalSection
	GlobalSection(ProjectConfigurationPlatforms) = postSolution
		{66427263-84E9-490D-9239-514912B42D75}.Debug|Any CPU.ActiveCfg = Debug|Any CPU
		{66427263-84E9-490D-9239-514912B42D75}.Debug|Any CPU.Build.0 = Debug|Any CPU
		{66427263-84E9-490D-9239-514912B42D75}.Release|Any CPU.ActiveCfg = Release|Any CPU
		{66427263-84E9-490D-9239-514912B42D75}.Release|Any CPU.Build.0 = Release|Any CPU
	EndGlobalSection
	GlobalSection(SolutionProperties) = preSolution
		HideSolutionNode = FALSE
	EndGlobalSection
	GlobalSection(ExtensibilityGlobals) = postSolution
		SolutionGuid = {06376164-1241-4861-896B-F0CAD328F0F0}
	EndGlobalSection
EndGlobal
